
Microsoft Visual Studio Solution File, Format Version 12.00
# Visual Studio Version 17
VisualStudioVersion = 17.8.34408.163
MinimumVisualStudioVersion = 10.0.40219.1
Project("{8BC9CEB8-8B4A-11D0-8D11-00A0C91BC942}") = "Tic-Tac-Toe", "Tic-Tac-Toe\Tic-Tac-Toe.vcxproj", "{42BE831B-642D-4D63-877B-E58074EC54A4}"
EndProject
Global
	GlobalSection(SolutionConfigurationPlatforms) = preSolution
		Debug|x64 = Debug|x64
		Debug|x86 = Debug|x86
		Release|x64 = Release|x64
		Release|x86 = Release|x86
	EndGlobalSection
	GlobalSection(ProjectConfigurationPlatforms) = postSolution
		{42BE831B-642D-4D63-877B-E58074EC54A4}.Debug|x64.ActiveCfg = Debug|x64
		{42BE831B-642D-4D63-877B-E58074EC54A4}.Debug|x64.Build.0 = Debug|x64
		{42BE831B-642D-4D63-877B-E58074EC54A4}.Debug|x86.ActiveCfg = Debug|Win32
		{42BE831B-642D-4D63-877B-E58074EC54A4}.Debug|x86.Build.0 = Debug|Win32
		{42BE831B-642D-4D63-877B-E58074EC54A4}.Release|x64.ActiveCfg = Release|x64
		{42BE831B-642D-4D63-877B-E58074EC54A4}.Release|x64.Build.0 = Release|x64
		{42BE831B-642D-4D63-877B-E58074EC54A4}.Release|x86.ActiveCfg = Release|Win32
		{42BE831B-642D-4D63-877B-E58074EC54A4}.Release|x86.Build.0 = Release|Win32
	EndGlobalSection
	GlobalSection(SolutionProperties) = preSolution
		HideSolutionNode = FALSE
	EndGlobalSection
	GlobalSection(ExtensibilityGlobals) = postSolution
		SolutionGuid = {193F650D-88CE-4349-A1CA-0CC867EB1415}
	EndGlobalSection
EndGlobal
